PODS:
  - BrightFutures (3.0.0-beta.3):
    - Result (= 0.6-beta.1)
  - OAuthSwift (0.4.3)
  - Result (0.6-beta.1)

DEPENDENCIES:
  - BrightFutures (from `https://github.com/Thomvis/BrightFutures.git`, branch `swift-2.0`)
  - OAuthSwift (~> 0.4.0)

EXTERNAL SOURCES:
  BrightFutures:
    :branch: swift-2.0
    :git: https://github.com/Thomvis/BrightFutures.git

CHECKOUT OPTIONS:
  BrightFutures:
    :commit: 65d188ac0af47ddeba2433df6a484eb1161a53c3
    :git: https://github.com/Thomvis/BrightFutures.git

SPEC CHECKSUMS:
  BrightFutures: 1088ccf030bb2feb0a4f6bd3bd50595238ec2681
  OAuthSwift: 48268f44b3e3c7fce8181ffc53bc3468326849a7
  Result: af24e3e57ab81005ec4221a53fd36dc1e7a52869

COCOAPODS: 0.38.2
