// !$*UTF8*$!
{
	archiveVersion = 1;
	classes = {
	};
	objectVersion = 46;
	objects = {

/* Begin PBXBuildFile section */
		2A2BE2DC1BADF6D9008C113E /* config.swift in Sources */ = {isa = PBXBuildFile; fileRef = 2A2BE2DB1BADF6D9008C113E /* config.swift */; };
		2A8D4BE71BADE40200007C6F /* Podfile in Resources */ = {isa = PBXBuildFile; fileRef = 2A8D4BE61BADE40200007C6F /* Podfile */; };
		76B1756C050C6BCF2E2D912C /* Pods.framework in Frameworks */ = {isa = PBXBuildFile; fileRef = 5912CD788B2D82543236299B /* Pods.framework */; settings = {ATTRIBUTES = (Weak, ); }; };
		FA7278C21BADB5EA00C98F50 /* AppDelegate.swift in Sources */ = {isa = PBXBuildFile; fileRef = FA7278C11BADB5EA00C98F50 /* AppDelegate.swift */; };
		FA7278C41BADB5EA00C98F50 /* ResultsViewController.swift in Sources */ = {isa = PBXBuildFile; fileRef = FA7278C31BADB5EA00C98F50 /* ResultsViewController.swift */; };
		FA7278C71BADB5EA00C98F50 /* Main.storyboard in Resources */ = {isa = PBXBuildFile; fileRef = FA7278C51BADB5EA00C98F50 /* Main.storyboard */; };
		FA7278C91BADB5EA00C98F50 /* Images.xcassets in Resources */ = {isa = PBXBuildFile; fileRef = FA7278C81BADB5EA00C98F50 /* Images.xcassets */; };
		FA7278CC1BADB5EA00C98F50 /* LaunchScreen.xib in Resources */ = {isa = PBXBuildFile; fileRef = FA7278CA1BADB5EA00C98F50 /* LaunchScreen.xib */; };
		FA7278D81BADB5EA00C98F50 /* InstabiteTests.swift in Sources */ = {isa = PBXBuildFile; fileRef = FA7278D71BADB5EA00C98F50 /* InstabiteTests.swift */; };
		FAFB3B8B1BADD5280030EE3B /* YelpAPIController.swift in Sources */ = {isa = PBXBuildFile; fileRef = FAFB3B8A1BADD5280030EE3B /* YelpAPIController.swift */; };
		FAFB3B8D1BADD5E40030EE3B /* InstagramAPIController.swift in Sources */ = {isa = PBXBuildFile; fileRef = FAFB3B8C1BADD5E40030EE3B /* InstagramAPIController.swift */; };
/* End PBXBuildFile section */

/* Begin PBXContainerItemProxy section */
		FA7278D21BADB5EA00C98F50 /* PBXContainerItemProxy */ = {
			isa = PBXContainerItemProxy;
			containerPortal = FA7278B41BADB5EA00C98F50 /* Project object */;
			proxyType = 1;
			remoteGlobalIDString = FA7278BB1BADB5EA00C98F50;
			remoteInfo = Instabite;
		};
/* End PBXContainerItemProxy section */

/* Begin PBXFileReference section */
		2A2BE2DB1BADF6D9008C113E /* config.swift */ = {isa = PBXFileReference; fileEncoding = 4; lastKnownFileType = sourcecode.swift; path = config.swift; sourceTree = "<group>"; };
		2A8D4BE61BADE40200007C6F /* Podfile */ = {isa = PBXFileReference; fileEncoding = 4; lastKnownFileType = text; path = Podfile; sourceTree = "<group>"; };
		32BF7AC0BDF4AA20F0E07985 /* Pods.release.xcconfig */ = {isa = PBXFileReference; includeInIndex = 1; lastKnownFileType = text.xcconfig; name = Pods.release.xcconfig; path = "Pods/Target Support Files/Pods/Pods.release.xcconfig"; sourceTree = "<group>"; };
		5912CD788B2D82543236299B /* Pods.framework */ = {isa = PBXFileReference; explicitFileType = wrapper.framework; includeInIndex = 0; path = Pods.framework; sourceTree = BUILT_PRODUCTS_DIR; };
		9B6887A25C2C390B9D398194 /* Pods.debug.xcconfig */ = {isa = PBXFileReference; includeInIndex = 1; lastKnownFileType = text.xcconfig; name = Pods.debug.xcconfig; path = "Pods/Target Support Files/Pods/Pods.debug.xcconfig"; sourceTree = "<group>"; };
		FA7278BC1BADB5EA00C98F50 /* Instabite.app */ = {isa = PBXFileReference; explicitFileType = wrapper.application; includeInIndex = 0; path = Instabite.app; sourceTree = BUILT_PRODUCTS_DIR; };
		FA7278C01BADB5EA00C98F50 /* Info.plist */ = {isa = PBXFileReference; lastKnownFileType = text.plist.xml; path = Info.plist; sourceTree = "<group>"; };
		FA7278C11BADB5EA00C98F50 /* AppDelegate.swift */ = {isa = PBXFileReference; lastKnownFileType = sourcecode.swift; path = AppDelegate.swift; sourceTree = "<group>"; };
		FA7278C31BADB5EA00C98F50 /* ResultsViewController.swift */ = {isa = PBXFileReference; lastKnownFileType = sourcecode.swift; path = ResultsViewController.swift; sourceTree = "<group>"; };
		FA7278C61BADB5EA00C98F50 /* Base */ = {isa = PBXFileReference; lastKnownFileType = file.storyboard; name = Base; path = Base.lproj/Main.storyboard; sourceTree = "<group>"; };
		FA7278C81BADB5EA00C98F50 /* Images.xcassets */ = {isa = PBXFileReference; lastKnownFileType = folder.assetcatalog; path = Images.xcassets; sourceTree = "<group>"; };
		FA7278CB1BADB5EA00C98F50 /* Base */ = {isa = PBXFileReference; lastKnownFileType = file.xib; name = Base; path = Base.lproj/LaunchScreen.xib; sourceTree = "<group>"; };
		FA7278D11BADB5EA00C98F50 /* InstabiteTests.xctest */ = {isa = PBXFileReference; explicitFileType = wrapper.cfbundle; includeInIndex = 0; path = InstabiteTests.xctest; sourceTree = BUILT_PRODUCTS_DIR; };
		FA7278D61BADB5EA00C98F50 /* Info.plist */ = {isa = PBXFileReference; lastKnownFileType = text.plist.xml; path = Info.plist; sourceTree = "<group>"; };
		FA7278D71BADB5EA00C98F50 /* InstabiteTests.swift */ = {isa = PBXFileReference; lastKnownFileType = sourcecode.swift; path = InstabiteTests.swift; sourceTree = "<group>"; };
		FAFB3B8A1BADD5280030EE3B /* YelpAPIController.swift */ = {isa = PBXFileReference; fileEncoding = 4; lastKnownFileType = sourcecode.swift; path = YelpAPIController.swift; sourceTree = "<group>"; };
		FAFB3B8C1BADD5E40030EE3B /* InstagramAPIController.swift */ = {isa = PBXFileReference; fileEncoding = 4; lastKnownFileType = sourcecode.swift; path = InstagramAPIController.swift; sourceTree = "<group>"; };
/* End PBXFileReference section */

/* Begin PBXFrameworksBuildPhase section */
		FA7278B91BADB5EA00C98F50 /* Frameworks */ = {
			isa = PBXFrameworksBuildPhase;
			buildActionMask = 2147483647;
			files = (
				76B1756C050C6BCF2E2D912C /* Pods.framework in Frameworks */,
			);
			runOnlyForDeploymentPostprocessing = 0;
		};
		FA7278CE1BADB5EA00C98F50 /* Frameworks */ = {
			isa = PBXFrameworksBuildPhase;
			buildActionMask = 2147483647;
			files = (
			);
			runOnlyForDeploymentPostprocessing = 0;
		};
/* End PBXFrameworksBuildPhase section */

/* Begin PBXGroup section */
		0CE4087599348B9FD640284D /* Pods */ = {
			isa = PBXGroup;
			children = (
				9B6887A25C2C390B9D398194 /* Pods.debug.xcconfig */,
				32BF7AC0BDF4AA20F0E07985 /* Pods.release.xcconfig */,
			);
			name = Pods;
			sourceTree = "<group>";
		};
		8A2E6391E700B52738AAF09D /* Frameworks */ = {
			isa = PBXGroup;
			children = (
				5912CD788B2D82543236299B /* Pods.framework */,
			);
			name = Frameworks;
			sourceTree = "<group>";
		};
		FA7278B31BADB5E900C98F50 = {
			isa = PBXGroup;
			children = (
				2A8D4BE61BADE40200007C6F /* Podfile */,
				FA7278BE1BADB5EA00C98F50 /* Instabite */,
				FA7278D41BADB5EA00C98F50 /* InstabiteTests */,
				FA7278BD1BADB5EA00C98F50 /* Products */,
				0CE4087599348B9FD640284D /* Pods */,
				8A2E6391E700B52738AAF09D /* Frameworks */,
			);
			sourceTree = "<group>";
		};
		FA7278BD1BADB5EA00C98F50 /* Products */ = {
			isa = PBXGroup;
			children = (
				FA7278BC1BADB5EA00C98F50 /* Instabite.app */,
				FA7278D11BADB5EA00C98F50 /* InstabiteTests.xctest */,
			);
			name = Products;
			sourceTree = "<group>";
		};
		FA7278BE1BADB5EA00C98F50 /* Instabite */ = {
			isa = PBXGroup;
			children = (
				2A2BE2DB1BADF6D9008C113E /* config.swift */,
				FA7278C11BADB5EA00C98F50 /* AppDelegate.swift */,
				FA7278C31BADB5EA00C98F50 /* ResultsViewController.swift */,
				FAFB3B8A1BADD5280030EE3B /* YelpAPIController.swift */,
				FAFB3B8C1BADD5E40030EE3B /* InstagramAPIController.swift */,
				FA7278C51BADB5EA00C98F50 /* Main.storyboard */,
				FA7278C81BADB5EA00C98F50 /* Images.xcassets */,
				FA7278CA1BADB5EA00C98F50 /* LaunchScreen.xib */,
				FA7278BF1BADB5EA00C98F50 /* Supporting Files */,
			);
			path = Instabite;
			sourceTree = "<group>";
		};
		FA7278BF1BADB5EA00C98F50 /* Supporting Files */ = {
			isa = PBXGroup;
			children = (
				FA7278C01BADB5EA00C98F50 /* Info.plist */,
			);
			name = "Supporting Files";
			sourceTree = "<group>";
		};
		FA7278D41BADB5EA00C98F50 /* InstabiteTests */ = {
			isa = PBXGroup;
			children = (
				FA7278D71BADB5EA00C98F50 /* InstabiteTests.swift */,
				FA7278D51BADB5EA00C98F50 /* Supporting Files */,
			);
			path = InstabiteTests;
			sourceTree = "<group>";
		};
		FA7278D51BADB5EA00C98F50 /* Supporting Files */ = {
			isa = PBXGroup;
			children = (
				FA7278D61BADB5EA00C98F50 /* Info.plist */,
			);
			name = "Supporting Files";
			sourceTree = "<group>";
		};
/* End PBXGroup section */

/* Begin PBXNativeTarget section */
		FA7278BB1BADB5EA00C98F50 /* Instabite */ = {
			isa = PBXNativeTarget;
			buildConfigurationList = FA7278DB1BADB5EA00C98F50 /* Build configuration list for PBXNativeTarget "Instabite" */;
			buildPhases = (
				ED2D7E5D46B5E4D0A51E400C /* Check Pods Manifest.lock */,
				FA7278B81BADB5EA00C98F50 /* Sources */,
				FA7278B91BADB5EA00C98F50 /* Frameworks */,
				FA7278BA1BADB5EA00C98F50 /* Resources */,
				593482AF99C752304D064D77 /* Embed Pods Frameworks */,
				69BF3BA4E43B005A189E653D /* Copy Pods Resources */,
			);
			buildRules = (
			);
			dependencies = (
			);
			name = Instabite;
			productName = Instabite;
			productReference = FA7278BC1BADB5EA00C98F50 /* Instabite.app */;
			productType = "com.apple.product-type.application";
		};
		FA7278D01BADB5EA00C98F50 /* InstabiteTests */ = {
			isa = PBXNativeTarget;
			buildConfigurationList = FA7278DE1BADB5EA00C98F50 /* Build configuration list for PBXNativeTarget "InstabiteTests" */;
			buildPhases = (
				FA7278CD1BADB5EA00C98F50 /* Sources */,
				FA7278CE1BADB5EA00C98F50 /* Frameworks */,
				FA7278CF1BADB5EA00C98F50 /* Resources */,
			);
			buildRules = (
			);
			dependencies = (
				FA7278D31BADB5EA00C98F50 /* PBXTargetDependency */,
			);
			name = InstabiteTests;
			productName = InstabiteTests;
			productReference = FA7278D11BADB5EA00C98F50 /* InstabiteTests.xctest */;
			productType = "com.apple.product-type.bundle.unit-test";
		};
/* End PBXNativeTarget section */

/* Begin PBXProject section */
		FA7278B41BADB5EA00C98F50 /* Project object */ = {
			isa = PBXProject;
			attributes = {
				LastUpgradeCheck = 0620;
				ORGANIZATIONNAME = "Bonnie Zhou";
				TargetAttributes = {
					FA7278BB1BADB5EA00C98F50 = {
						CreatedOnToolsVersion = 6.2;
					};
					FA7278D01BADB5EA00C98F50 = {
						CreatedOnToolsVersion = 6.2;
						TestTargetID = FA7278BB1BADB5EA00C98F50;
					};
				};
			};
			buildConfigurationList = FA7278B71BADB5EA00C98F50 /* Build configuration list for PBXProject "Instabite" */;
			compatibilityVersion = "Xcode 3.2";
			developmentRegion = English;
			hasScannedForEncodings = 0;
			knownRegions = (
				en,
				Base,
			);
			mainGroup = FA7278B31BADB5E900C98F50;
			productRefGroup = FA7278BD1BADB5EA00C98F50 /* Products */;
			projectDirPath = "";
			projectRoot = "";
			targets = (
				FA7278BB1BADB5EA00C98F50 /* Instabite */,
				FA7278D01BADB5EA00C98F50 /* InstabiteTests */,
			);
		};
/* End PBXProject section */

/* Begin PBXResourcesBuildPhase section */
		FA7278BA1BADB5EA00C98F50 /* Resources */ = {
			isa = PBXResourcesBuildPhase;
			buildActionMask = 2147483647;
			files = (
				FA7278C71BADB5EA00C98F50 /* Main.storyboard in Resources */,
				FA7278CC1BADB5EA00C98F50 /* LaunchScreen.xib in Resources */,
				2A8D4BE71BADE40200007C6F /* Podfile in Resources */,
				FA7278C91BADB5EA00C98F50 /* Images.xcassets in Resources */,
			);
			runOnlyForDeploymentPostprocessing = 0;
		};
		FA7278CF1BADB5EA00C98F50 /* Resources */ = {
			isa = PBXResourcesBuildPhase;
			buildActionMask = 2147483647;
			files = (
			);
			runOnlyForDeploymentPostprocessing = 0;
		};
/* End PBXResourcesBuildPhase section */

/* Begin PBXShellScriptBuildPhase section */
		593482AF99C752304D064D77 /* Embed Pods Frameworks */ = {
			isa = PBXShellScriptBuildPhase;
			buildActionMask = 2147483647;
			files = (
			);
			inputPaths = (
			);
			name = "Embed Pods Frameworks";
			outputPaths = (
			);
			runOnlyForDeploymentPostprocessing = 0;
			shellPath = /bin/sh;
			shellScript = "\"${SRCROOT}/Pods/Target Support Files/Pods/Pods-frameworks.sh\"\n";
			showEnvVarsInLog = 0;
		};
		69BF3BA4E43B005A189E653D /* Copy Pods Resources */ = {
			isa = PBXShellScriptBuildPhase;
			buildActionMask = 2147483647;
			files = (
			);
			inputPaths = (
			);
			name = "Copy Pods Resources";
			outputPaths = (
			);
			runOnlyForDeploymentPostprocessing = 0;
			shellPath = /bin/sh;
			shellScript = "\"${SRCROOT}/Pods/Target Support Files/Pods/Pods-resources.sh\"\n";
			showEnvVarsInLog = 0;
		};
		ED2D7E5D46B5E4D0A51E400C /* Check Pods Manifest.lock */ = {
			isa = PBXShellScriptBuildPhase;
			buildActionMask = 2147483647;
			files = (
			);
			inputPaths = (
			);
			name = "Check Pods Manifest.lock";
			outputPaths = (
			);
			runOnlyForDeploymentPostprocessing = 0;
			shellPath = /bin/sh;
			shellScript = "diff \"${PODS_ROOT}/../Podfile.lock\" \"${PODS_ROOT}/Manifest.lock\" > /dev/null\nif [[ $? != 0 ]] ; then\n    cat << EOM\nerror: The sandbox is not in sync with the Podfile.lock. Run 'pod install' or update your CocoaPods installation.\nEOM\n    exit 1\nfi\n";
			showEnvVarsInLog = 0;
		};
/* End PBXShellScriptBuildPhase section */

/* Begin PBXSourcesBuildPhase section */
		FA7278B81BADB5EA00C98F50 /* Sources */ = {
			isa = PBXSourcesBuildPhase;
			buildActionMask = 2147483647;
			files = (
				FA7278C41BADB5EA00C98F50 /* ResultsViewController.swift in Sources */,
				FA7278C21BADB5EA00C98F50 /* AppDelegate.swift in Sources */,
				FAFB3B8B1BADD5280030EE3B /* YelpAPIController.swift in Sources */,
				2A2BE2DC1BADF6D9008C113E /* config.swift in Sources */,
				FAFB3B8D1BADD5E40030EE3B /* InstagramAPIController.swift in Sources */,
			);
			runOnlyForDeploymentPostprocessing = 0;
		};
		FA7278CD1BADB5EA00C98F50 /* Sources */ = {
			isa = PBXSourcesBuildPhase;
			buildActionMask = 2147483647;
			files = (
				FA7278D81BADB5EA00C98F50 /* InstabiteTests.swift in Sources */,
			);
			runOnlyForDeploymentPostprocessing = 0;
		};
/* End PBXSourcesBuildPhase section */

/* Begin PBXTargetDependency section */
		FA7278D31BADB5EA00C98F50 /* PBXTargetDependency */ = {
			isa = PBXTargetDependency;
			target = FA7278BB1BADB5EA00C98F50 /* Instabite */;
			targetProxy = FA7278D21BADB5EA00C98F50 /* PBXContainerItemProxy */;
		};
/* End PBXTargetDependency section */

/* Begin PBXVariantGroup section */
		FA7278C51BADB5EA00C98F50 /* Main.storyboard */ = {
			isa = PBXVariantGroup;
			children = (
				FA7278C61BADB5EA00C98F50 /* Base */,
			);
			name = Main.storyboard;
			sourceTree = "<group>";
		};
		FA7278CA1BADB5EA00C98F50 /* LaunchScreen.xib */ = {
			isa = PBXVariantGroup;
			children = (
				FA7278CB1BADB5EA00C98F50 /* Base */,
			);
			name = LaunchScreen.xib;
			sourceTree = "<group>";
		};
/* End PBXVariantGroup section */

/* Begin XCBuildConfiguration section */
		FA7278D91BADB5EA00C98F50 /* Debug */ = {
			isa = XCBuildConfiguration;
			buildSettings = {
				ALWAYS_SEARCH_USER_PATHS = NO;
				CLANG_CXX_LANGUAGE_STANDARD = "gnu++0x";
				CLANG_CXX_LIBRARY = "libc++";
				CLANG_ENABLE_MODULES = YES;
				CLANG_ENABLE_OBJC_ARC = YES;
				CLANG_WARN_BOOL_CONVERSION = YES;
				CLANG_WARN_CONSTANT_CONVERSION = YES;
				CLANG_WARN_DIRECT_OBJC_ISA_USAGE = YES_ERROR;
				CLANG_WARN_EMPTY_BODY = YES;
				CLANG_WARN_ENUM_CONVERSION = YES;
				CLANG_WARN_INT_CONVERSION = YES;
				CLANG_WARN_OBJC_ROOT_CLASS = YES_ERROR;
				CLANG_WARN_UNREACHABLE_CODE = YES;
				CLANG_WARN__DUPLICATE_METHOD_MATCH = YES;
				"CODE_SIGN_IDENTITY[sdk=iphoneos*]" = "iPhone Developer";
				COPY_PHASE_STRIP = NO;
				ENABLE_STRICT_OBJC_MSGSEND = YES;
				GCC_C_LANGUAGE_STANDARD = gnu99;
				GCC_DYNAMIC_NO_PIC = NO;
				GCC_OPTIMIZATION_LEVEL = 0;
				GCC_PREPROCESSOR_DEFINITIONS = (
					"DEBUG=1",
					"$(inherited)",
				);
				GCC_SYMBOLS_PRIVATE_EXTERN = NO;
				GCC_WARN_64_TO_32_BIT_CONVERSION = YES;
				GCC_WARN_ABOUT_RETURN_TYPE = YES_ERROR;
				GCC_WARN_UNDECLARED_SELECTOR = YES;
				GCC_WARN_UNINITIALIZED_AUTOS = YES_AGGRESSIVE;
				GCC_WARN_UNUSED_FUNCTION = YES;
				GCC_WARN_UNUSED_VARIABLE = YES;
				IPHONEOS_DEPLOYMENT_TARGET = 8.2;
				MTL_ENABLE_DEBUG_INFO = YES;
				ONLY_ACTIVE_ARCH = YES;
				SDKROOT = iphoneos;
				SWIFT_OPTIMIZATION_LEVEL = "-Onone";
			};
			name = Debug;
		};
		FA7278DA1BADB5EA00C98F50 /* Release */ = {
			isa = XCBuildConfiguration;
			buildSettings = {
				ALWAYS_SEARCH_USER_PATHS = NO;
				CLANG_CXX_LANGUAGE_STANDARD = "gnu++0x";
				CLANG_CXX_LIBRARY = "libc++";
				CLANG_ENABLE_MODULES = YES;
				CLANG_ENABLE_OBJC_ARC = YES;
				CLANG_WARN_BOOL_CONVERSION = YES;
				CLANG_WARN_CONSTANT_CONVERSION = YES;
				CLANG_WARN_DIRECT_OBJC_ISA_USAGE = YES_ERROR;
				CLANG_WARN_EMPTY_BODY = YES;
				CLANG_WARN_ENUM_CONVERSION = YES;
				CLANG_WARN_INT_CONVERSION = YES;
				CLANG_WARN_OBJC_ROOT_CLASS = YES_ERROR;
				CLANG_WARN_UNREACHABLE_CODE = YES;
				CLANG_WARN__DUPLICATE_METHOD_MATCH = YES;
				"CODE_SIGN_IDENTITY[sdk=iphoneos*]" = "iPhone Developer";
				COPY_PHASE_STRIP = NO;
				ENABLE_NS_ASSERTIONS = NO;
				ENABLE_STRICT_OBJC_MSGSEND = YES;
				GCC_C_LANGUAGE_STANDARD = gnu99;
				GCC_WARN_64_TO_32_BIT_CONVERSION = YES;
				GCC_WARN_ABOUT_RETURN_TYPE = YES_ERROR;
				GCC_WARN_UNDECLARED_SELECTOR = YES;
				GCC_WARN_UNINITIALIZED_AUTOS = YES_AGGRESSIVE;
				GCC_WARN_UNUSED_FUNCTION = YES;
				GCC_WARN_UNUSED_VARIABLE = YES;
				IPHONEOS_DEPLOYMENT_TARGET = 8.2;
				MTL_ENABLE_DEBUG_INFO = NO;
				SDKROOT = iphoneos;
				VALIDATE_PRODUCT = YES;
			};
			name = Release;
		};
		FA7278DC1BADB5EA00C98F50 /* Debug */ = {
			isa = XCBuildConfiguration;
			baseConfigurationReference = 9B6887A25C2C390B9D398194 /* Pods.debug.xcconfig */;
			buildSettings = {
				ASSETCATALOG_COMPILER_APPICON_NAME = AppIcon;
				INFOPLIST_FILE = Instabite/Info.plist;
				LD_RUNPATH_SEARCH_PATHS = "$(inherited) @executable_path/Frameworks";
				PRODUCT_NAME = "$(TARGET_NAME)";
			};
			name = Debug;
		};
		FA7278DD1BADB5EA00C98F50 /* Release */ = {
			isa = XCBuildConfiguration;
			baseConfigurationReference = 32BF7AC0BDF4AA20F0E07985 /* Pods.release.xcconfig */;
			buildSettings = {
				ASSETCATALOG_COMPILER_APPICON_NAME = AppIcon;
				INFOPLIST_FILE = Instabite/Info.plist;
				LD_RUNPATH_SEARCH_PATHS = "$(inherited) @executable_path/Frameworks";
				PRODUCT_NAME = "$(TARGET_NAME)";
			};
			name = Release;
		};
		FA7278DF1BADB5EA00C98F50 /* Debug */ = {
			isa = XCBuildConfiguration;
			buildSettings = {
				BUNDLE_LOADER = "$(TEST_HOST)";
				FRAMEWORK_SEARCH_PATHS = (
					"$(SDKROOT)/Developer/Library/Frameworks",
					"$(inherited)",
				);
				GCC_PREPROCESSOR_DEFINITIONS = (
					"DEBUG=1",
					"$(inherited)",
				);
				INFOPLIST_FILE = InstabiteTests/Info.plist;
				LD_RUNPATH_SEARCH_PATHS = "$(inherited) @executable_path/Frameworks @loader_path/Frameworks";
				PRODUCT_NAME = "$(TARGET_NAME)";
				TEST_HOST = "$(BUILT_PRODUCTS_DIR)/Instabite.app/Instabite";
			};
			name = Debug;
		};
		FA7278E01BADB5EA00C98F50 /* Release */ = {
			isa = XCBuildConfiguration;
			buildSettings = {
				BUNDLE_LOADER = "$(TEST_HOST)";
				FRAMEWORK_SEARCH_PATHS = (
					"$(SDKROOT)/Developer/Library/Frameworks",
					"$(inherited)",
				);
				INFOPLIST_FILE = InstabiteTests/Info.plist;
				LD_RUNPATH_SEARCH_PATHS = "$(inherited) @executable_path/Frameworks @loader_path/Frameworks";
				PRODUCT_NAME = "$(TARGET_NAME)";
				TEST_HOST = "$(BUILT_PRODUCTS_DIR)/Instabite.app/Instabite";
			};
			name = Release;
		};
/* End XCBuildConfiguration section */

/* Begin XCConfigurationList section */
		FA7278B71BADB5EA00C98F50 /* Build configuration list for PBXProject "Instabite" */ = {
			isa = XCConfigurationList;
			buildConfigurations = (
				FA7278D91BADB5EA00C98F50 /* Debug */,
				FA7278DA1BADB5EA00C98F50 /* Release */,
			);
			defaultConfigurationIsVisible = 0;
			defaultConfigurationName = Release;
		};
		FA7278DB1BADB5EA00C98F50 /* Build configuration list for PBXNativeTarget "Instabite" */ = {
			isa = XCConfigurationList;
			buildConfigurations = (
				FA7278DC1BADB5EA00C98F50 /* Debug */,
				FA7278DD1BADB5EA00C98F50 /* Release */,
			);
			defaultConfigurationIsVisible = 0;
			defaultConfigurationName = Release;
		};
		FA7278DE1BADB5EA00C98F50 /* Build configuration list for PBXNativeTarget "InstabiteTests" */ = {
			isa = XCConfigurationList;
			buildConfigurations = (
				FA7278DF1BADB5EA00C98F50 /* Debug */,
				FA7278E01BADB5EA00C98F50 /* Release */,
			);
			defaultConfigurationIsVisible = 0;
			defaultConfigurationName = Release;
		};
/* End XCConfigurationList section */
	};
	rootObject = FA7278B41BADB5EA00C98F50 /* Project object */;
}
